github.com/alex99y/matching-engine/common v0.0.0-20260608211603-7246f784fa23 h1:4OyuA8oiSJdSLOs2gSWqyk1mCYIwmac5N6zT+7nejGM=
github.com/alex99y/matching-engine/common v0.0.0-20260608211603-7246f784fa23/go.mod h1:51/lnqOQHQSedG+3H5PzJODXKvvrCw1LZ9VAWUhQsDk=
github.com/google/uuid v1.6.0 h1:NIvaJDMOsjHA8n1jAhLSgzrAzy1Hgr+hNrb57e+94F0=
github.com/google/uuid v1.6.0/go.mod h1:TIyPZe4MgqvfeYDBFedMoGGpEw/LqOeaOT+nhxU+yHo=
